{
  "nodes": {
    "binutils": {
      "flake": false,
      "locked": {
        "lastModified": 1704076039,
        "narHash": "sha256-aByF8Wt3/7FO1y0uj7IPcUsLqFe2DqUijCUDWqAAz9w=",
        "type": "tarball",
        "url": "https://ftp.gnu.org/gnu/binutils/binutils-2.37.tar.gz"
      },
      "original": {
        "type": "tarball",
        "url": "https://ftp.gnu.org/gnu/binutils/binutils-2.37.tar.gz"
      }
    },
    "flake-utils": {
      "inputs": {
        "systems": "systems"
      },
      "locked": {
        "lastModified": 1701680307,
        "narHash": "sha256-kAuep2h5ajznlPMD9rnQyffWG8EM/C73lejGofXvdM8=",
        "owner": "numtide",
        "repo": "flake-utils",
        "rev": "4022d587cbbfd70fe950c1e2083a02621806a725",
        "type": "github"
      },
      "original": {
        "owner": "numtide",
        "repo": "flake-utils",
        "rev": "4022d587cbbfd70fe950c1e2083a02621806a725",
        "type": "github"
      }
    },
    "gcc": {
      "flake": false,
      "locked": {
        "lastModified": 1683549241,
        "narHash": "sha256-WhXcCXMj6KRbh7LmXDfXIfK48EcQ43VgKN1dJDgr4Pg=",
        "type": "tarball",
        "url": "https://ftp.gnu.org/gnu/gcc/gcc-12.3.0/gcc-12.3.0.tar.gz"
      },
      "original": {
        "type": "tarball",
        "url": "https://ftp.gnu.org/gnu/gcc/gcc-12.3.0/gcc-12.3.0.tar.gz"
      }
    },
    "nixpkgs": {
      "locked": {
        "lastModified": 1703900474,
        "narHash": "sha256-Zu+chYVYG2cQ4FCbhyo6rc5Lu0ktZCjRbSPE0fDgukI=",
        "owner": "NixOS",
        "repo": "nixpkgs",
        "rev": "9dd7699928e26c3c00d5d46811f1358524081062",
        "type": "github"
      },
      "original": {
        "owner": "NixOS",
        "ref": "nixos-23.11",
        "repo": "nixpkgs",
        "type": "github"
      }
    },
    "root": {
      "inputs": {
        "binutils": "binutils",
        "flake-utils": "flake-utils",
        "gcc": "gcc",
        "nixpkgs": "nixpkgs"
      }
    },
    "systems": {
      "locked": {
        "lastModified": 1681028828,
        "narHash": "sha256-Vy1rq5AaRuLzOxct8nz4T6wlgyUR7zLU309k9mBC768=",
        "owner": "nix-systems",
        "repo": "default",
        "rev": "da67096a3b9bf56a91d16901293e51ba5b49a27e",
        "type": "github"
      },
      "original": {
        "owner": "nix-systems",
        "repo": "default",
        "type": "github"
      }
    }
  },
  "root": "root",
  "version": 7
}
